
Microsoft Visual Studio Solution File, Format Version 12.00
# Visual Studio Version 17
VisualStudioVersion = 17.6.33829.357
MinimumVisualStudioVersion = 10.0.40219.1
Project("{9A19103F-16F7-4668-BE54-9A1E7A4F7556}") = "GFProxy", "GFProxy\GFProxy.csproj", "{6AAB1217-21FB-4662-B1FC-D5882E561D28}"
EndProject
Project("{FAE04EC0-301F-11D3-BF4B-00C04F79EFBC}") = "GFCGI", "GFCGI\GFCGI.csproj", "{50AE6B9D-3A0D-4555-9F14-8A7CB1AB71F4}"
EndProject
Project("{FAE04EC0-301F-11D3-BF4B-00C04F79EFBC}") = "GFTools.Common", "GFTools.Common\GFTools.Common.csproj", "{67555FF4-407D-4EF7-8C6E-3F915CE2F58E}"
EndProject
Project("{FAE04EC0-301F-11D3-BF4B-00C04F79EFBC}") = "GFBot", "GFBot\GFBot.csproj", "{AF46FE21-5AD4-43A9-82CA-1B7740079C75}"
EndProject
Project("{FAE04EC0-301F-11D3-BF4B-00C04F79EFBC}") = "GFGMTool", "GFGMTool\GFGMTool.csproj", "{F9F7CA89-E905-443B-BC00-619456E4C0B7}"
EndProject
Global
	GlobalSection(SolutionConfigurationPlatforms) = preSolution
		Debug|Any CPU = Debug|Any CPU
		Release|Any CPU = Release|Any CPU
	EndGlobalSection
	GlobalSection(ProjectConfigurationPlatforms) = postSolution
		{6AAB1217-21FB-4662-B1FC-D5882E561D28}.Debug|Any CPU.ActiveCfg = Debug|Any CPU
		{6AAB1217-21FB-4662-B1FC-D5882E561D28}.Debug|Any CPU.Build.0 = Debug|Any CPU
		{6AAB1217-21FB-4662-B1FC-D5882E561D28}.Release|Any CPU.ActiveCfg = Release|Any CPU
		{6AAB1217-21FB-4662-B1FC-D5882E561D28}.Release|Any CPU.Build.0 = Release|Any CPU
		{50AE6B9D-3A0D-4555-9F14-8A7CB1AB71F4}.Debug|Any CPU.ActiveCfg = Debug|Any CPU
		{50AE6B9D-3A0D-4555-9F14-8A7CB1AB71F4}.Debug|Any CPU.Build.0 = Debug|Any CPU
		{50AE6B9D-3A0D-4555-9F14-8A7CB1AB71F4}.Release|Any CPU.ActiveCfg = Release|Any CPU
		{50AE6B9D-3A0D-4555-9F14-8A7CB1AB71F4}.Release|Any CPU.Build.0 = Release|Any CPU
		{67555FF4-407D-4EF7-8C6E-3F915CE2F58E}.Debug|Any CPU.ActiveCfg = Debug|Any CPU
		{67555FF4-407D-4EF7-8C6E-3F915CE2F58E}.Debug|Any CPU.Build.0 = Debug|Any CPU
		{67555FF4-407D-4EF7-8C6E-3F915CE2F58E}.Release|Any CPU.ActiveCfg = Release|Any CPU
		{67555FF4-407D-4EF7-8C6E-3F915CE2F58E}.Release|Any CPU.Build.0 = Release|Any CPU
		{AF46FE21-5AD4-43A9-82CA-1B7740079C75}.Debug|Any CPU.ActiveCfg = Debug|Any CPU
		{AF46FE21-5AD4-43A9-82CA-1B7740079C75}.Debug|Any CPU.Build.0 = Debug|Any CPU
		{AF46FE21-5AD4-43A9-82CA-1B7740079C75}.Release|Any CPU.ActiveCfg = Release|Any CPU
		{AF46FE21-5AD4-43A9-82CA-1B7740079C75}.Release|Any CPU.Build.0 = Release|Any CPU
		{F9F7CA89-E905-443B-BC00-619456E4C0B7}.Debug|Any CPU.ActiveCfg = Debug|Any CPU
		{F9F7CA89-E905-443B-BC00-619456E4C0B7}.Debug|Any CPU.Build.0 = Debug|Any CPU
		{F9F7CA89-E905-443B-BC00-619456E4C0B7}.Release|Any CPU.ActiveCfg = Release|Any CPU
		{F9F7CA89-E905-443B-BC00-619456E4C0B7}.Release|Any CPU.Build.0 = Release|Any CPU
	EndGlobalSection
	GlobalSection(SolutionProperties) = preSolution
		HideSolutionNode = FALSE
	EndGlobalSection
	GlobalSection(ExtensibilityGlobals) = postSolution
		SolutionGuid = {02102D4F-DE62-40E8-A3A3-BA35A90E041A}
	EndGlobalSection
EndGlobal
